Microsoft Visual Studio Solution File, Format Version 12.00
# Visual Studio Version 17
VisualStudioVersion = 17.0.31903.59
MinimumVisualStudioVersion = 10.0.40219.1
Project("{FAE04EC0-301F-11D3-BF4B-00C04F79EFBC}") = "actionless", "actionless\actionless.csproj", "{A4B49285-C13F-4A0B-9D99-3C5A95E0FDEE}"
EndProject
Project("{FAE04EC0-301F-11D3-BF4B-00C04F79EFBC}") = "morra", "morra\morra.csproj", "{AD555DB7-6DCD-44D1-B428-2EBA44645A8F}"
EndProject
Project("{FAE04EC0-301F-11D3-BF4B-00C04F79EFBC}") = "rps", "rps\rps.csproj", "{9A0402D7-CE28-41C0-8B98-58B92556AC4B}"
EndProject
Project("{FAE04EC0-301F-11D3-BF4B-00C04F79EFBC}") = "t3", "t3\t3.csproj", "{8B3ED6A8-3BBA-45E9-9151-DCD302123DB5}"
EndProject
Project("{FAE04EC0-301F-11D3-BF4B-00C04F79EFBC}") = "ut3", "ut3\ut3.csproj", "{66A5D8DC-A4C8-4BFF-A074-4E69DF20999E}"
EndProject
Project("{FAE04EC0-301F-11D3-BF4B-00C04F79EFBC}") = "discard", "discard\discard.csproj", "{35269B75-005F-4249-8EEF-3C1351AA3249}"
EndProject
Project("{FAE04EC0-301F-11D3-BF4B-00C04F79EFBC}") = "cheat", "cheat\cheat.csproj", "{D1EE0E95-67A3-43A6-B017-827763619D16}"
EndProject
Project("{FAE04EC0-301F-11D3-BF4B-00C04F79EFBC}") = "president", "president\president.csproj", "{506AE49F-7BE6-4EBD-8F33-9168A51EAD89}"
EndProject
Project("{FAE04EC0-301F-11D3-BF4B-00C04F79EFBC}") = "blackjack", "blackjack\blackjack.csproj", "{B1DBBF6D-101A-4F68-B663-4B28ACAD7A30}"
EndProject
Project("{FAE04EC0-301F-11D3-BF4B-00C04F79EFBC}") = "slime", "slime\slime.csproj", "{88E1DDD9-F816-462F-A455-41633CE2CB72}"
EndProject
Project("{FAE04EC0-301F-11D3-BF4B-00C04F79EFBC}") = "duel", "duel\duel.csproj", "{42FD8BCF-2AE5-42A7-850C-A86D7B394F97}"
EndProject
Global
	GlobalSection(SolutionConfigurationPlatforms) = preSolution
		Debug|Any CPU = Debug|Any CPU
		Debug|x64 = Debug|x64
		Debug|x86 = Debug|x86
		Release|Any CPU = Release|Any CPU
		Release|x64 = Release|x64
		Release|x86 = Release|x86
	EndGlobalSection
	GlobalSection(ProjectConfigurationPlatforms) = postSolution
		{A4B49285-C13F-4A0B-9D99-3C5A95E0FDEE}.Debug|Any CPU.ActiveCfg = Debug|Any CPU
		{A4B49285-C13F-4A0B-9D99-3C5A95E0FDEE}.Debug|Any CPU.Build.0 = Debug|Any CPU
		{A4B49285-C13F-4A0B-9D99-3C5A95E0FDEE}.Debug|x64.ActiveCfg = Debug|Any CPU
		{A4B49285-C13F-4A0B-9D99-3C5A95E0FDEE}.Debug|x64.Build.0 = Debug|Any CPU
		{A4B49285-C13F-4A0B-9D99-3C5A95E0FDEE}.Debug|x86.ActiveCfg = Debug|Any CPU
		{A4B49285-C13F-4A0B-9D99-3C5A95E0FDEE}.Debug|x86.Build.0 = Debug|Any CPU
		{A4B49285-C13F-4A0B-9D99-3C5A95E0FDEE}.Release|Any CPU.ActiveCfg = Release|Any CPU
		{A4B49285-C13F-4A0B-9D99-3C5A95E0FDEE}.Release|Any CPU.Build.0 = Release|Any CPU
		{A4B49285-C13F-4A0B-9D99-3C5A95E0FDEE}.Release|x64.ActiveCfg = Release|Any CPU
		{A4B49285-C13F-4A0B-9D99-3C5A95E0FDEE}.Release|x64.Build.0 = Release|Any CPU
		{A4B49285-C13F-4A0B-9D99-3C5A95E0FDEE}.Release|x86.ActiveCfg = Release|Any CPU
		{A4B49285-C13F-4A0B-9D99-3C5A95E0FDEE}.Release|x86.Build.0 = Release|Any CPU
		{AD555DB7-6DCD-44D1-B428-2EBA44645A8F}.Debug|Any CPU.ActiveCfg = Debug|Any CPU
		{AD555DB7-6DCD-44D1-B428-2EBA44645A8F}.Debug|Any CPU.Build.0 = Debug|Any CPU
		{AD555DB7-6DCD-44D1-B428-2EBA44645A8F}.Debug|x64.ActiveCfg = Debug|Any CPU
		{AD555DB7-6DCD-44D1-B428-2EBA44645A8F}.Debug|x64.Build.0 = Debug|Any CPU
		{AD555DB7-6DCD-44D1-B428-2EBA44645A8F}.Debug|x86.ActiveCfg = Debug|Any CPU
		{AD555DB7-6DCD-44D1-B428-2EBA44645A8F}.Debug|x86.Build.0 = Debug|Any CPU
		{AD555DB7-6DCD-44D1-B428-2EBA44645A8F}.Release|Any CPU.ActiveCfg = Release|Any CPU
		{AD555DB7-6DCD-44D1-B428-2EBA44645A8F}.Release|Any CPU.Build.0 = Release|Any CPU
		{AD555DB7-6DCD-44D1-B428-2EBA44645A8F}.Release|x64.ActiveCfg = Release|Any CPU
		{AD555DB7-6DCD-44D1-B428-2EBA44645A8F}.Release|x64.Build.0 = Release|Any CPU
		{AD555DB7-6DCD-44D1-B428-2EBA44645A8F}.Release|x86.ActiveCfg = Release|Any CPU
		{AD555DB7-6DCD-44D1-B428-2EBA44645A8F}.Release|x86.Build.0 = Release|Any CPU
		{9A0402D7-CE28-41C0-8B98-58B92556AC4B}.Debug|Any CPU.ActiveCfg = Debug|Any CPU
		{9A0402D7-CE28-41C0-8B98-58B92556AC4B}.Debug|Any CPU.Build.0 = Debug|Any CPU
		{9A0402D7-CE28-41C0-8B98-58B92556AC4B}.Debug|x64.ActiveCfg = Debug|Any CPU
		{9A0402D7-CE28-41C0-8B98-58B92556AC4B}.Debug|x64.Build.0 = Debug|Any CPU
		{9A0402D7-CE28-41C0-8B98-58B92556AC4B}.Debug|x86.ActiveCfg = Debug|Any CPU
		{9A0402D7-CE28-41C0-8B98-58B92556AC4B}.Debug|x86.Build.0 = Debug|Any CPU
		{9A0402D7-CE28-41C0-8B98-58B92556AC4B}.Release|Any CPU.ActiveCfg = Release|Any CPU
		{9A0402D7-CE28-41C0-8B98-58B92556AC4B}.Release|Any CPU.Build.0 = Release|Any CPU
		{9A0402D7-CE28-41C0-8B98-58B92556AC4B}.Release|x64.ActiveCfg = Release|Any CPU
		{9A0402D7-CE28-41C0-8B98-58B92556AC4B}.Release|x64.Build.0 = Release|Any CPU
		{9A0402D7-CE28-41C0-8B98-58B92556AC4B}.Release|x86.ActiveCfg = Release|Any CPU
		{9A0402D7-CE28-41C0-8B98-58B92556AC4B}.Release|x86.Build.0 = Release|Any CPU
		{8B3ED6A8-3BBA-45E9-9151-DCD302123DB5}.Debug|Any CPU.ActiveCfg = Debug|Any CPU
		{8B3ED6A8-3BBA-45E9-9151-DCD302123DB5}.Debug|Any CPU.Build.0 = Debug|Any CPU
		{8B3ED6A8-3BBA-45E9-9151-DCD302123DB5}.Debug|x64.ActiveCfg = Debug|Any CPU
		{8B3ED6A8-3BBA-45E9-9151-DCD302123DB5}.Debug|x64.Build.0 = Debug|Any CPU
		{8B3ED6A8-3BBA-45E9-9151-DCD302123DB5}.Debug|x86.ActiveCfg = Debug|Any CPU
		{8B3ED6A8-3BBA-45E9-9151-DCD302123DB5}.Debug|x86.Build.0 = Debug|Any CPU
		{8B3ED6A8-3BBA-45E9-9151-DCD302123DB5}.Release|Any CPU.ActiveCfg = Release|Any CPU
		{8B3ED6A8-3BBA-45E9-9151-DCD302123DB5}.Release|Any CPU.Build.0 = Release|Any CPU
		{8B3ED6A8-3BBA-45E9-9151-DCD302123DB5}.Release|x64.ActiveCfg = Release|Any CPU
		{8B3ED6A8-3BBA-45E9-9151-DCD302123DB5}.Release|x64.Build.0 = Release|Any CPU
		{8B3ED6A8-3BBA-45E9-9151-DCD302123DB5}.Release|x86.ActiveCfg = Release|Any CPU
		{8B3ED6A8-3BBA-45E9-9151-DCD302123DB5}.Release|x86.Build.0 = Release|Any CPU
		{66A5D8DC-A4C8-4BFF-A074-4E69DF20999E}.Debug|Any CPU.ActiveCfg = Debug|Any CPU
		{66A5D8DC-A4C8-4BFF-A074-4E69DF20999E}.Debug|Any CPU.Build.0 = Debug|Any CPU
		{66A5D8DC-A4C8-4BFF-A074-4E69DF20999E}.Debug|x64.ActiveCfg = Debug|Any CPU
		{66A5D8DC-A4C8-4BFF-A074-4E69DF20999E}.Debug|x64.Build.0 = Debug|Any CPU
		{66A5D8DC-A4C8-4BFF-A074-4E69DF20999E}.Debug|x86.ActiveCfg = Debug|Any CPU
		{66A5D8DC-A4C8-4BFF-A074-4E69DF20999E}.Debug|x86.Build.0 = Debug|Any CPU
		{66A5D8DC-A4C8-4BFF-A074-4E69DF20999E}.Release|Any CPU.ActiveCfg = Release|Any CPU
		{66A5D8DC-A4C8-4BFF-A074-4E69DF20999E}.Release|Any CPU.Build.0 = Release|Any CPU
		{66A5D8DC-A4C8-4BFF-A074-4E69DF20999E}.Release|x64.ActiveCfg = Release|Any CPU
		{66A5D8DC-A4C8-4BFF-A074-4E69DF20999E}.Release|x64.Build.0 = Release|Any CPU
		{66A5D8DC-A4C8-4BFF-A074-4E69DF20999E}.Release|x86.ActiveCfg = Release|Any CPU
		{66A5D8DC-A4C8-4BFF-A074-4E69DF20999E}.Release|x86.Build.0 = Release|Any CPU
		{35269B75-005F-4249-8EEF-3C1351AA3249}.Debug|Any CPU.ActiveCfg = Debug|Any CPU
		{35269B75-005F-4249-8EEF-3C1351AA3249}.Debug|Any CPU.Build.0 = Debug|Any CPU
		{35269B75-005F-4249-8EEF-3C1351AA3249}.Debug|x64.ActiveCfg = Debug|Any CPU
		{35269B75-005F-4249-8EEF-3C1351AA3249}.Debug|x64.Build.0 = Debug|Any CPU
		{35269B75-005F-4249-8EEF-3C1351AA3249}.Debug|x86.ActiveCfg = Debug|Any CPU
		{35269B75-005F-4249-8EEF-3C1351AA3249}.Debug|x86.Build.0 = Debug|Any CPU
		{35269B75-005F-4249-8EEF-3C1351AA3249}.Release|Any CPU.ActiveCfg = Release|Any CPU
		{35269B75-005F-4249-8EEF-3C1351AA3249}.Release|Any CPU.Build.0 = Release|Any CPU
		{35269B75-005F-4249-8EEF-3C1351AA3249}.Release|x64.ActiveCfg = Release|Any CPU
		{35269B75-005F-4249-8EEF-3C1351AA3249}.Release|x64.Build.0 = Release|Any CPU
		{35269B75-005F-4249-8EEF-3C1351AA3249}.Release|x86.ActiveCfg = Release|Any CPU
		{35269B75-005F-4249-8EEF-3C1351AA3249}.Release|x86.Build.0 = Release|Any CPU
		{D1EE0E95-67A3-43A6-B017-827763619D16}.Debug|Any CPU.ActiveCfg = Debug|Any CPU
		{D1EE0E95-67A3-43A6-B017-827763619D16}.Debug|Any CPU.Build.0 = Debug|Any CPU
		{D1EE0E95-67A3-43A6-B017-827763619D16}.Debug|x64.ActiveCfg = Debug|Any CPU
		{D1EE0E95-67A3-43A6-B017-827763619D16}.Debug|x64.Build.0 = Debug|Any CPU
		{D1EE0E95-67A3-43A6-B017-827763619D16}.Debug|x86.ActiveCfg = Debug|Any CPU
		{D1EE0E95-67A3-43A6-B017-827763619D16}.Debug|x86.Build.0 = Debug|Any CPU
		{D1EE0E95-67A3-43A6-B017-827763619D16}.Release|Any CPU.ActiveCfg = Release|Any CPU
		{D1EE0E95-67A3-43A6-B017-827763619D16}.Release|Any CPU.Build.0 = Release|Any CPU
		{D1EE0E95-67A3-43A6-B017-827763619D16}.Release|x64.ActiveCfg = Release|Any CPU
		{D1EE0E95-67A3-43A6-B017-827763619D16}.Release|x64.Build.0 = Release|Any CPU
		{D1EE0E95-67A3-43A6-B017-827763619D16}.Release|x86.ActiveCfg = Release|Any CPU
		{D1EE0E95-67A3-43A6-B017-827763619D16}.Release|x86.Build.0 = Release|Any CPU
		{506AE49F-7BE6-4EBD-8F33-9168A51EAD89}.Debug|Any CPU.ActiveCfg = Debug|Any CPU
		{506AE49F-7BE6-4EBD-8F33-9168A51EAD89}.Debug|Any CPU.Build.0 = Debug|Any CPU
		{506AE49F-7BE6-4EBD-8F33-9168A51EAD89}.Debug|x64.ActiveCfg = Debug|Any CPU
		{506AE49F-7BE6-4EBD-8F33-9168A51EAD89}.Debug|x64.Build.0 = Debug|Any CPU
		{506AE49F-7BE6-4EBD-8F33-9168A51EAD89}.Debug|x86.ActiveCfg = Debug|Any CPU
		{506AE49F-7BE6-4EBD-8F33-9168A51EAD89}.Debug|x86.Build.0 = Debug|Any CPU
		{506AE49F-7BE6-4EBD-8F33-9168A51EAD89}.Release|Any CPU.ActiveCfg = Release|Any CPU
		{506AE49F-7BE6-4EBD-8F33-9168A51EAD89}.Release|Any CPU.Build.0 = Release|Any CPU
		{506AE49F-7BE6-4EBD-8F33-9168A51EAD89}.Release|x64.ActiveCfg = Release|Any CPU
		{506AE49F-7BE6-4EBD-8F33-9168A51EAD89}.Release|x64.Build.0 = Release|Any CPU
		{506AE49F-7BE6-4EBD-8F33-9168A51EAD89}.Release|x86.ActiveCfg = Release|Any CPU
		{506AE49F-7BE6-4EBD-8F33-9168A51EAD89}.Release|x86.Build.0 = Release|Any CPU
		{B1DBBF6D-101A-4F68-B663-4B28ACAD7A30}.Debug|Any CPU.ActiveCfg = Debug|Any CPU
		{B1DBBF6D-101A-4F68-B663-4B28ACAD7A30}.Debug|Any CPU.Build.0 = Debug|Any CPU
		{B1DBBF6D-101A-4F68-B663-4B28ACAD7A30}.Debug|x64.ActiveCfg = Debug|Any CPU
		{B1DBBF6D-101A-4F68-B663-4B28ACAD7A30}.Debug|x64.Build.0 = Debug|Any CPU
		{B1DBBF6D-101A-4F68-B663-4B28ACAD7A30}.Debug|x86.ActiveCfg = Debug|Any CPU
		{B1DBBF6D-101A-4F68-B663-4B28ACAD7A30}.Debug|x86.Build.0 = Debug|Any CPU
		{B1DBBF6D-101A-4F68-B663-4B28ACAD7A30}.Release|Any CPU.ActiveCfg = Release|Any CPU
		{B1DBBF6D-101A-4F68-B663-4B28ACAD7A30}.Release|Any CPU.Build.0 = Release|Any CPU
		{B1DBBF6D-101A-4F68-B663-4B28ACAD7A30}.Release|x64.ActiveCfg = Release|Any CPU
		{B1DBBF6D-101A-4F68-B663-4B28ACAD7A30}.Release|x64.Build.0 = Release|Any CPU
		{B1DBBF6D-101A-4F68-B663-4B28ACAD7A30}.Release|x86.ActiveCfg = Release|Any CPU
		{B1DBBF6D-101A-4F68-B663-4B28ACAD7A30}.Release|x86.Build.0 = Release|Any CPU
		{88E1DDD9-F816-462F-A455-41633CE2CB72}.Debug|Any CPU.ActiveCfg = Debug|Any CPU
		{88E1DDD9-F816-462F-A455-41633CE2CB72}.Debug|Any CPU.Build.0 = Debug|Any CPU
		{88E1DDD9-F816-462F-A455-41633CE2CB72}.Debug|x64.ActiveCfg = Debug|Any CPU
		{88E1DDD9-F816-462F-A455-41633CE2CB72}.Debug|x64.Build.0 = Debug|Any CPU
		{88E1DDD9-F816-462F-A455-41633CE2CB72}.Debug|x86.ActiveCfg = Debug|Any CPU
		{88E1DDD9-F816-462F-A455-41633CE2CB72}.Debug|x86.Build.0 = Debug|Any CPU
		{88E1DDD9-F816-462F-A455-41633CE2CB72}.Release|Any CPU.ActiveCfg = Release|Any CPU
		{88E1DDD9-F816-462F-A455-41633CE2CB72}.Release|Any CPU.Build.0 = Release|Any CPU
		{88E1DDD9-F816-462F-A455-41633CE2CB72}.Release|x64.ActiveCfg = Release|Any CPU
		{88E1DDD9-F816-462F-A455-41633CE2CB72}.Release|x64.Build.0 = Release|Any CPU
		{88E1DDD9-F816-462F-A455-41633CE2CB72}.Release|x86.ActiveCfg = Release|Any CPU
		{88E1DDD9-F816-462F-A455-41633CE2CB72}.Release|x86.Build.0 = Release|Any CPU
		{42FD8BCF-2AE5-42A7-850C-A86D7B394F97}.Debug|Any CPU.ActiveCfg = Debug|Any CPU
		{42FD8BCF-2AE5-42A7-850C-A86D7B394F97}.Debug|Any CPU.Build.0 = Debug|Any CPU
		{42FD8BCF-2AE5-42A7-850C-A86D7B394F97}.Debug|x64.ActiveCfg = Debug|Any CPU
		{42FD8BCF-2AE5-42A7-850C-A86D7B394F97}.Debug|x64.Build.0 = Debug|Any CPU
		{42FD8BCF-2AE5-42A7-850C-A86D7B394F97}.Debug|x86.ActiveCfg = Debug|Any CPU
		{42FD8BCF-2AE5-42A7-850C-A86D7B394F97}.Debug|x86.Build.0 = Debug|Any CPU
		{42FD8BCF-2AE5-42A7-850C-A86D7B394F97}.Release|Any CPU.ActiveCfg = Release|Any CPU
		{42FD8BCF-2AE5-42A7-850C-A86D7B394F97}.Release|Any CPU.Build.0 = Release|Any CPU
		{42FD8BCF-2AE5-42A7-850C-A86D7B394F97}.Release|x64.ActiveCfg = Release|Any CPU
		{42FD8BCF-2AE5-42A7-850C-A86D7B394F97}.Release|x64.Build.0 = Release|Any CPU
		{42FD8BCF-2AE5-42A7-850C-A86D7B394F97}.Release|x86.ActiveCfg = Release|Any CPU
		{42FD8BCF-2AE5-42A7-850C-A86D7B394F97}.Release|x86.Build.0 = Release|Any CPU
	EndGlobalSection
	GlobalSection(SolutionProperties) = preSolution
		HideSolutionNode = FALSE
	EndGlobalSection
	GlobalSection(ExtensibilityGlobals) = postSolution
		SolutionGuid = {31BA1040-0123-4059-B0F5-DC9E1E13BB17}
	EndGlobalSection
EndGlobal
